
Microsoft Visual Studio Solution File, Format Version 12.00
# Visual Studio Version 16
VisualStudioVersion = 16.0.30517.126
MinimumVisualStudioVersion = 10.0.40219.1
Project("{9A19103F-16F7-4668-BE54-9A1E7A4F7556}") = "RegistroPedidos", "RegistroPedidos.csproj", "{5B1BE192-A4DE-4512-9240-B91CB2102833}"
EndProject
Global
	GlobalSection(SolutionConfigurationPlatforms) = preSolution
		Debug|Any CPU = Debug|Any CPU
		Release|Any CPU = Release|Any CPU
	EndGlobalSection
	GlobalSection(ProjectConfigurationPlatforms) = postSolution
		{5B1BE192-A4DE-4512-9240-B91CB2102833}.Debug|Any CPU.ActiveCfg = Debug|Any CPU
		{5B1BE192-A4DE-4512-9240-B91CB2102833}.Debug|Any CPU.Build.0 = Debug|Any CPU
		{5B1BE192-A4DE-4512-9240-B91CB2102833}.Release|Any CPU.ActiveCfg = Release|Any CPU
		{5B1BE192-A4DE-4512-9240-B91CB2102833}.Release|Any CPU.Build.0 = Release|Any CPU
	EndGlobalSection
	GlobalSection(SolutionProperties) = preSolution
		HideSolutionNode = FALSE
	EndGlobalSection
	GlobalSection(ExtensibilityGlobals) = postSolution
		SolutionGuid = {597F8FC0-04D4-4DCB-B5AB-1A0AC6B90AB1}
	EndGlobalSection
EndGlobal
